{
  "object": {
    "pins": [
      {
        "package": "Logger",
        "repositoryURL": "git@github.com:AlitheonDotCom/Logger.git",
        "state": {
          "branch": "main",
          "revision": "576fe34fbc41df065937a9abcd943dc724b75e94",
          "version": null
        }
      }
    ]
  },
  "version": 1
}
