{
  "object": {
    "pins": [
      {
        "package": "Logger",
        "repositoryURL": "git@github.com:bilm/Logger.git",
        "state": {
          "branch": "swift-5_3",
          "revision": "c513fd808b8adfc7a6ec21b9a8ebd49ddfe23f1f",
          "version": null
        }
      }
    ]
  },
  "version": 1
}
